
Microsoft Visual Studio Solution File, Format Version 12.00
# Visual Studio Version 16
VisualStudioVersion = 16.0.29911.84
MinimumVisualStudioVersion = 10.0.40219.1
Project("{8BC9CEB8-8B4A-11D0-8D11-00A0C91BC942}") = "신관규_실습01_1", "신관규_실습01_1\신관규_실습01_1.vcxproj", "{071BAF80-9AA8-4AA1-A83C-D5EA47C8CF0C}"
EndProject
Project("{8BC9CEB8-8B4A-11D0-8D11-00A0C91BC942}") = "신관규_실습01_2", "신관규_실습01_2\신관규_실습01_2.vcxproj", "{21265AE5-6D24-414E-AB98-2B56A7E73FBF}"
EndProject
Project("{8BC9CEB8-8B4A-11D0-8D11-00A0C91BC942}") = "신관규_실습01_3", "신관규_실습01_3\신관규_실습01_3.vcxproj", "{B496C1CF-A42D-4A9B-A326-4D444CE61396}"
EndProject
Project("{8BC9CEB8-8B4A-11D0-8D11-00A0C91BC942}") = "신관규_실습02_1", "신관규_실습02_1\신관규_실습02_1.vcxproj", "{73FF81C7-82E1-4FCC-8657-C766561110EE}"
EndProject
Project("{8BC9CEB8-8B4A-11D0-8D11-00A0C91BC942}") = "신관규_실습02_2", "신관규_실습02_2\신관규_실습02_2.vcxproj", "{EDEAFA35-8352-40A5-BEEF-59CAF56C917F}"
EndProject
Project("{8BC9CEB8-8B4A-11D0-8D11-00A0C91BC942}") = "신관규_실습02_3", "신관규_실습02_3\신관규_실습02_3.vcxproj", "{A9EFF94D-A6A4-4DB1-BA7E-7A0A465E8449}"
EndProject
Project("{8BC9CEB8-8B4A-11D0-8D11-00A0C91BC942}") = "신관규_실습03_1", "신관규_실습03_1\신관규_실습03_1.vcxproj", "{E3DF3947-1ADB-41B1-90D3-C72FA1B832C2}"
EndProject
Project("{8BC9CEB8-8B4A-11D0-8D11-00A0C91BC942}") = "신관규_실습03_2", "신관규_실습03_2\신관규_실습03_2.vcxproj", "{B6713FE3-88FF-42AE-8928-C792AFA27E98}"
EndProject
Project("{8BC9CEB8-8B4A-11D0-8D11-00A0C91BC942}") = "신관규_실습04_1", "신관규_실습04_1\신관규_실습04_1.vcxproj", "{629ACE5D-8954-419E-B14F-BA46FE670AAB}"
EndProject
Project("{8BC9CEB8-8B4A-11D0-8D11-00A0C91BC942}") = "신관규_실습05_1", "신관규_실습05_1\신관규_실습05_1.vcxproj", "{989D2203-43AE-46B3-9733-F47F7485F856}"
EndProject
Project("{8BC9CEB8-8B4A-11D0-8D11-00A0C91BC942}") = "신관규_실습06_1", "신관규_실습06_1\신관규_실습06_1.vcxproj", "{EBB89116-1535-4BC0-AE19-6F2891CB6C12}"
EndProject
Project("{8BC9CEB8-8B4A-11D0-8D11-00A0C91BC942}") = "신관규_실습06_2", "신관규_실습06_2\신관규_실습06_2.vcxproj", "{2D0B0A4A-A0B6-4974-A5DC-A20048750BEB}"
EndProject
Project("{8BC9CEB8-8B4A-11D0-8D11-00A0C91BC942}") = "신관규_실습07", "신관규_실습07_1\신관규_실습07_1.vcxproj", "{0D29DFCA-A736-4113-9DE3-51DB57FE1878}"
EndProject
Project("{8BC9CEB8-8B4A-11D0-8D11-00A0C91BC942}") = "신관규_실습08_1", "신관규_실습08_1\신관규_실습08_1.vcxproj", "{4C3EB7E3-A592-4632-9A67-5CED31EE3BD5}"
EndProject
Project("{8BC9CEB8-8B4A-11D0-8D11-00A0C91BC942}") = "신관규_실습09", "신관규_실습09_1\신관규_실습09_1.vcxproj", "{D4B12D41-E5C4-4EB8-9A25-C3C436C909B5}"
EndProject
Project("{8BC9CEB8-8B4A-11D0-8D11-00A0C91BC942}") = "신관규_실습10", "신관규_실습10_1\신관규_실습10_1.vcxproj", "{8F1C1587-E8D2-46D8-A8FB-679FEF1452C0}"
EndProject
Project("{8BC9CEB8-8B4A-11D0-8D11-00A0C91BC942}") = "신관규_실습11", "신관규_실습11_1\신관규_실습11_1.vcxproj", "{7AF5864C-C14C-47C9-B8D9-11E092A5B9BD}"
EndProject
Project("{8BC9CEB8-8B4A-11D0-8D11-00A0C91BC942}") = "신관규_실습12", "신관규_실습12\신관규_실습12.vcxproj", "{25DE0961-3AE8-4891-B5C4-FE9572844854}"
EndProject
Global
	GlobalSection(SolutionConfigurationPlatforms) = preSolution
		Debug|x64 = Debug|x64
		Debug|x86 = Debug|x86
		Release|x64 = Release|x64
		Release|x86 = Release|x86
	EndGlobalSection
	GlobalSection(ProjectConfigurationPlatforms) = postSolution
		{071BAF80-9AA8-4AA1-A83C-D5EA47C8CF0C}.Debug|x64.ActiveCfg = Debug|x64
		{071BAF80-9AA8-4AA1-A83C-D5EA47C8CF0C}.Debug|x64.Build.0 = Debug|x64
		{071BAF80-9AA8-4AA1-A83C-D5EA47C8CF0C}.Debug|x86.ActiveCfg = Debug|Win32
		{071BAF80-9AA8-4AA1-A83C-D5EA47C8CF0C}.Debug|x86.Build.0 = Debug|Win32
		{071BAF80-9AA8-4AA1-A83C-D5EA47C8CF0C}.Release|x64.ActiveCfg = Release|x64
		{071BAF80-9AA8-4AA1-A83C-D5EA47C8CF0C}.Release|x64.Build.0 = Release|x64
		{071BAF80-9AA8-4AA1-A83C-D5EA47C8CF0C}.Release|x86.ActiveCfg = Release|Win32
		{071BAF80-9AA8-4AA1-A83C-D5EA47C8CF0C}.Release|x86.Build.0 = Release|Win32
		{21265AE5-6D24-414E-AB98-2B56A7E73FBF}.Debug|x64.ActiveCfg = Debug|x64
		{21265AE5-6D24-414E-AB98-2B56A7E73FBF}.Debug|x64.Build.0 = Debug|x64
		{21265AE5-6D24-414E-AB98-2B56A7E73FBF}.Debug|x86.ActiveCfg = Debug|Win32
		{21265AE5-6D24-414E-AB98-2B56A7E73FBF}.Debug|x86.Build.0 = Debug|Win32
		{21265AE5-6D24-414E-AB98-2B56A7E73FBF}.Release|x64.ActiveCfg = Release|x64
		{21265AE5-6D24-414E-AB98-2B56A7E73FBF}.Release|x64.Build.0 = Release|x64
		{21265AE5-6D24-414E-AB98-2B56A7E73FBF}.Release|x86.ActiveCfg = Release|Win32
		{21265AE5-6D24-414E-AB98-2B56A7E73FBF}.Release|x86.Build.0 = Release|Win32
		{B496C1CF-A42D-4A9B-A326-4D444CE61396}.Debug|x64.ActiveCfg = Debug|x64
		{B496C1CF-A42D-4A9B-A326-4D444CE61396}.Debug|x64.Build.0 = Debug|x64
		{B496C1CF-A42D-4A9B-A326-4D444CE61396}.Debug|x86.ActiveCfg = Debug|Win32
		{B496C1CF-A42D-4A9B-A326-4D444CE61396}.Debug|x86.Build.0 = Debug|Win32
		{B496C1CF-A42D-4A9B-A326-4D444CE61396}.Release|x64.ActiveCfg = Release|x64
		{B496C1CF-A42D-4A9B-A326-4D444CE61396}.Release|x64.Build.0 = Release|x64
		{B496C1CF-A42D-4A9B-A326-4D444CE61396}.Release|x86.ActiveCfg = Release|Win32
		{B496C1CF-A42D-4A9B-A326-4D444CE61396}.Release|x86.Build.0 = Release|Win32
		{73FF81C7-82E1-4FCC-8657-C766561110EE}.Debug|x64.ActiveCfg = Debug|x64
		{73FF81C7-82E1-4FCC-8657-C766561110EE}.Debug|x64.Build.0 = Debug|x64
		{73FF81C7-82E1-4FCC-8657-C766561110EE}.Debug|x86.ActiveCfg = Debug|Win32
		{73FF81C7-82E1-4FCC-8657-C766561110EE}.Debug|x86.Build.0 = Debug|Win32
		{73FF81C7-82E1-4FCC-8657-C766561110EE}.Release|x64.ActiveCfg = Release|x64
		{73FF81C7-82E1-4FCC-8657-C766561110EE}.Release|x64.Build.0 = Release|x64
		{73FF81C7-82E1-4FCC-8657-C766561110EE}.Release|x86.ActiveCfg = Release|Win32
		{73FF81C7-82E1-4FCC-8657-C766561110EE}.Release|x86.Build.0 = Release|Win32
		{EDEAFA35-8352-40A5-BEEF-59CAF56C917F}.Debug|x64.ActiveCfg = Debug|x64
		{EDEAFA35-8352-40A5-BEEF-59CAF56C917F}.Debug|x64.Build.0 = Debug|x64
		{EDEAFA35-8352-40A5-BEEF-59CAF56C917F}.Debug|x86.ActiveCfg = Debug|Win32
		{EDEAFA35-8352-40A5-BEEF-59CAF56C917F}.Debug|x86.Build.0 = Debug|Win32
		{EDEAFA35-8352-40A5-BEEF-59CAF56C917F}.Release|x64.ActiveCfg = Release|x64
		{EDEAFA35-8352-40A5-BEEF-59CAF56C917F}.Release|x64.Build.0 = Release|x64
		{EDEAFA35-8352-40A5-BEEF-59CAF56C917F}.Release|x86.ActiveCfg = Release|Win32
		{EDEAFA35-8352-40A5-BEEF-59CAF56C917F}.Release|x86.Build.0 = Release|Win32
		{A9EFF94D-A6A4-4DB1-BA7E-7A0A465E8449}.Debug|x64.ActiveCfg = Debug|x64
		{A9EFF94D-A6A4-4DB1-BA7E-7A0A465E8449}.Debug|x64.Build.0 = Debug|x64
		{A9EFF94D-A6A4-4DB1-BA7E-7A0A465E8449}.Debug|x86.ActiveCfg = Debug|Win32
		{A9EFF94D-A6A4-4DB1-BA7E-7A0A465E8449}.Debug|x86.Build.0 = Debug|Win32
		{A9EFF94D-A6A4-4DB1-BA7E-7A0A465E8449}.Release|x64.ActiveCfg = Release|x64
		{A9EFF94D-A6A4-4DB1-BA7E-7A0A465E8449}.Release|x64.Build.0 = Release|x64
		{A9EFF94D-A6A4-4DB1-BA7E-7A0A465E8449}.Release|x86.ActiveCfg = Release|Win32
		{A9EFF94D-A6A4-4DB1-BA7E-7A0A465E8449}.Release|x86.Build.0 = Release|Win32
		{E3DF3947-1ADB-41B1-90D3-C72FA1B832C2}.Debug|x64.ActiveCfg = Debug|x64
		{E3DF3947-1ADB-41B1-90D3-C72FA1B832C2}.Debug|x64.Build.0 = Debug|x64
		{E3DF3947-1ADB-41B1-90D3-C72FA1B832C2}.Debug|x86.ActiveCfg = Debug|Win32
		{E3DF3947-1ADB-41B1-90D3-C72FA1B832C2}.Debug|x86.Build.0 = Debug|Win32
		{E3DF3947-1ADB-41B1-90D3-C72FA1B832C2}.Release|x64.ActiveCfg = Release|x64
		{E3DF3947-1ADB-41B1-90D3-C72FA1B832C2}.Release|x64.Build.0 = Release|x64
		{E3DF3947-1ADB-41B1-90D3-C72FA1B832C2}.Release|x86.ActiveCfg = Release|Win32
		{E3DF3947-1ADB-41B1-90D3-C72FA1B832C2}.Release|x86.Build.0 = Release|Win32
		{B6713FE3-88FF-42AE-8928-C792AFA27E98}.Debug|x64.ActiveCfg = Debug|x64
		{B6713FE3-88FF-42AE-8928-C792AFA27E98}.Debug|x64.Build.0 = Debug|x64
		{B6713FE3-88FF-42AE-8928-C792AFA27E98}.Debug|x86.ActiveCfg = Debug|Win32
		{B6713FE3-88FF-42AE-8928-C792AFA27E98}.Debug|x86.Build.0 = Debug|Win32
		{B6713FE3-88FF-42AE-8928-C792AFA27E98}.Release|x64.ActiveCfg = Release|x64
		{B6713FE3-88FF-42AE-8928-C792AFA27E98}.Release|x64.Build.0 = Release|x64
		{B6713FE3-88FF-42AE-8928-C792AFA27E98}.Release|x86.ActiveCfg = Release|Win32
		{B6713FE3-88FF-42AE-8928-C792AFA27E98}.Release|x86.Build.0 = Release|Win32
		{629ACE5D-8954-419E-B14F-BA46FE670AAB}.Debug|x64.ActiveCfg = Debug|x64
		{629ACE5D-8954-419E-B14F-BA46FE670AAB}.Debug|x64.Build.0 = Debug|x64
		{629ACE5D-8954-419E-B14F-BA46FE670AAB}.Debug|x86.ActiveCfg = Debug|Win32
		{629ACE5D-8954-419E-B14F-BA46FE670AAB}.Debug|x86.Build.0 = Debug|Win32
		{629ACE5D-8954-419E-B14F-BA46FE670AAB}.Release|x64.ActiveCfg = Release|x64
		{629ACE5D-8954-419E-B14F-BA46FE670AAB}.Release|x64.Build.0 = Release|x64
		{629ACE5D-8954-419E-B14F-BA46FE670AAB}.Release|x86.ActiveCfg = Release|Win32
		{629ACE5D-8954-419E-B14F-BA46FE670AAB}.Release|x86.Build.0 = Release|Win32
		{989D2203-43AE-46B3-9733-F47F7485F856}.Debug|x64.ActiveCfg = Debug|x64
		{989D2203-43AE-46B3-9733-F47F7485F856}.Debug|x64.Build.0 = Debug|x64
		{989D2203-43AE-46B3-9733-F47F7485F856}.Debug|x86.ActiveCfg = Debug|Win32
		{989D2203-43AE-46B3-9733-F47F7485F856}.Debug|x86.Build.0 = Debug|Win32
		{989D2203-43AE-46B3-9733-F47F7485F856}.Release|x64.ActiveCfg = Release|x64
		{989D2203-43AE-46B3-9733-F47F7485F856}.Release|x64.Build.0 = Release|x64
		{989D2203-43AE-46B3-9733-F47F7485F856}.Release|x86.ActiveCfg = Release|Win32
		{989D2203-43AE-46B3-9733-F47F7485F856}.Release|x86.Build.0 = Release|Win32
		{EBB89116-1535-4BC0-AE19-6F2891CB6C12}.Debug|x64.ActiveCfg = Debug|x64
		{EBB89116-1535-4BC0-AE19-6F2891CB6C12}.Debug|x64.Build.0 = Debug|x64
		{EBB89116-1535-4BC0-AE19-6F2891CB6C12}.Debug|x86.ActiveCfg = Debug|Win32
		{EBB89116-1535-4BC0-AE19-6F2891CB6C12}.Debug|x86.Build.0 = Debug|Win32
		{EBB89116-1535-4BC0-AE19-6F2891CB6C12}.Release|x64.ActiveCfg = Release|x64
		{EBB89116-1535-4BC0-AE19-6F2891CB6C12}.Release|x64.Build.0 = Release|x64
		{EBB89116-1535-4BC0-AE19-6F2891CB6C12}.Release|x86.ActiveCfg = Release|Win32
		{EBB89116-1535-4BC0-AE19-6F2891CB6C12}.Release|x86.Build.0 = Release|Win32
		{2D0B0A4A-A0B6-4974-A5DC-A20048750BEB}.Debug|x64.ActiveCfg = Debug|x64
		{2D0B0A4A-A0B6-4974-A5DC-A20048750BEB}.Debug|x64.Build.0 = Debug|x64
		{2D0B0A4A-A0B6-4974-A5DC-A20048750BEB}.Debug|x86.ActiveCfg = Debug|Win32
		{2D0B0A4A-A0B6-4974-A5DC-A20048750BEB}.Debug|x86.Build.0 = Debug|Win32
		{2D0B0A4A-A0B6-4974-A5DC-A20048750BEB}.Release|x64.ActiveCfg = Release|x64
		{2D0B0A4A-A0B6-4974-A5DC-A20048750BEB}.Release|x64.Build.0 = Release|x64
		{2D0B0A4A-A0B6-4974-A5DC-A20048750BEB}.Release|x86.ActiveCfg = Release|Win32
		{2D0B0A4A-A0B6-4974-A5DC-A20048750BEB}.Release|x86.Build.0 = Release|Win32
		{0D29DFCA-A736-4113-9DE3-51DB57FE1878}.Debug|x64.ActiveCfg = Debug|x64
		{0D29DFCA-A736-4113-9DE3-51DB57FE1878}.Debug|x64.Build.0 = Debug|x64
		{0D29DFCA-A736-4113-9DE3-51DB57FE1878}.Debug|x86.ActiveCfg = Debug|Win32
		{0D29DFCA-A736-4113-9DE3-51DB57FE1878}.Debug|x86.Build.0 = Debug|Win32
		{0D29DFCA-A736-4113-9DE3-51DB57FE1878}.Release|x64.ActiveCfg = Release|x64
		{0D29DFCA-A736-4113-9DE3-51DB57FE1878}.Release|x64.Build.0 = Release|x64
		{0D29DFCA-A736-4113-9DE3-51DB57FE1878}.Release|x86.ActiveCfg = Release|Win32
		{0D29DFCA-A736-4113-9DE3-51DB57FE1878}.Release|x86.Build.0 = Release|Win32
		{4C3EB7E3-A592-4632-9A67-5CED31EE3BD5}.Debug|x64.ActiveCfg = Debug|x64
		{4C3EB7E3-A592-4632-9A67-5CED31EE3BD5}.Debug|x64.Build.0 = Debug|x64
		{4C3EB7E3-A592-4632-9A67-5CED31EE3BD5}.Debug|x86.ActiveCfg = Debug|Win32
		{4C3EB7E3-A592-4632-9A67-5CED31EE3BD5}.Debug|x86.Build.0 = Debug|Win32
		{4C3EB7E3-A592-4632-9A67-5CED31EE3BD5}.Release|x64.ActiveCfg = Release|x64
		{4C3EB7E3-A592-4632-9A67-5CED31EE3BD5}.Release|x64.Build.0 = Release|x64
		{4C3EB7E3-A592-4632-9A67-5CED31EE3BD5}.Release|x86.ActiveCfg = Release|Win32
		{4C3EB7E3-A592-4632-9A67-5CED31EE3BD5}.Release|x86.Build.0 = Release|Win32
		{D4B12D41-E5C4-4EB8-9A25-C3C436C909B5}.Debug|x64.ActiveCfg = Debug|x64
		{D4B12D41-E5C4-4EB8-9A25-C3C436C909B5}.Debug|x64.Build.0 = Debug|x64
		{D4B12D41-E5C4-4EB8-9A25-C3C436C909B5}.Debug|x86.ActiveCfg = Debug|Win32
		{D4B12D41-E5C4-4EB8-9A25-C3C436C909B5}.Debug|x86.Build.0 = Debug|Win32
		{D4B12D41-E5C4-4EB8-9A25-C3C436C909B5}.Release|x64.ActiveCfg = Release|x64
		{D4B12D41-E5C4-4EB8-9A25-C3C436C909B5}.Release|x64.Build.0 = Release|x64
		{D4B12D41-E5C4-4EB8-9A25-C3C436C909B5}.Release|x86.ActiveCfg = Release|Win32
		{D4B12D41-E5C4-4EB8-9A25-C3C436C909B5}.Release|x86.Build.0 = Release|Win32
		{8F1C1587-E8D2-46D8-A8FB-679FEF1452C0}.Debug|x64.ActiveCfg = Debug|x64
		{8F1C1587-E8D2-46D8-A8FB-679FEF1452C0}.Debug|x64.Build.0 = Debug|x64
		{8F1C1587-E8D2-46D8-A8FB-679FEF1452C0}.Debug|x86.ActiveCfg = Debug|Win32
		{8F1C1587-E8D2-46D8-A8FB-679FEF1452C0}.Debug|x86.Build.0 = Debug|Win32
		{8F1C1587-E8D2-46D8-A8FB-679FEF1452C0}.Release|x64.ActiveCfg = Release|x64
		{8F1C1587-E8D2-46D8-A8FB-679FEF1452C0}.Release|x64.Build.0 = Release|x64
		{8F1C1587-E8D2-46D8-A8FB-679FEF1452C0}.Release|x86.ActiveCfg = Release|Win32
		{8F1C1587-E8D2-46D8-A8FB-679FEF1452C0}.Release|x86.Build.0 = Release|Win32
		{7AF5864C-C14C-47C9-B8D9-11E092A5B9BD}.Debug|x64.ActiveCfg = Debug|x64
		{7AF5864C-C14C-47C9-B8D9-11E092A5B9BD}.Debug|x64.Build.0 = Debug|x64
		{7AF5864C-C14C-47C9-B8D9-11E092A5B9BD}.Debug|x86.ActiveCfg = Debug|Win32
		{7AF5864C-C14C-47C9-B8D9-11E092A5B9BD}.Debug|x86.Build.0 = Debug|Win32
		{7AF5864C-C14C-47C9-B8D9-11E092A5B9BD}.Release|x64.ActiveCfg = Release|x64
		{7AF5864C-C14C-47C9-B8D9-11E092A5B9BD}.Release|x64.Build.0 = Release|x64
		{7AF5864C-C14C-47C9-B8D9-11E092A5B9BD}.Release|x86.ActiveCfg = Release|Win32
		{7AF5864C-C14C-47C9-B8D9-11E092A5B9BD}.Release|x86.Build.0 = Release|Win32
		{25DE0961-3AE8-4891-B5C4-FE9572844854}.Debug|x64.ActiveCfg = Debug|x64
		{25DE0961-3AE8-4891-B5C4-FE9572844854}.Debug|x64.Build.0 = Debug|x64
		{25DE0961-3AE8-4891-B5C4-FE9572844854}.Debug|x86.ActiveCfg = Debug|Win32
		{25DE0961-3AE8-4891-B5C4-FE9572844854}.Debug|x86.Build.0 = Debug|Win32
		{25DE0961-3AE8-4891-B5C4-FE9572844854}.Release|x64.ActiveCfg = Release|x64
		{25DE0961-3AE8-4891-B5C4-FE9572844854}.Release|x64.Build.0 = Release|x64
		{25DE0961-3AE8-4891-B5C4-FE9572844854}.Release|x86.ActiveCfg = Release|Win32
		{25DE0961-3AE8-4891-B5C4-FE9572844854}.Release|x86.Build.0 = Release|Win32
	EndGlobalSection
	GlobalSection(SolutionProperties) = preSolution
		HideSolutionNode = FALSE
	EndGlobalSection
	GlobalSection(ExtensibilityGlobals) = postSolution
		SolutionGuid = {9C4942F8-4E3D-4587-93C1-55FDF57D247D}
	EndGlobalSection
EndGlobal
